<?xml version="1.0" encoding="UTF-8" standalone="yes" ?>
<CodeBlocks_project_file>
	<FileVersion major="1" minor="6" />
	<Project>
		<Option title="MacroParser" />
		<Option pch_mode="2" />
		<Option compiler="gcc" />
		<Build>
			<Target title="Debug">
				<Option output="bin/Debug/MacroParser" prefix_auto="1" extension_auto="1" />
				<Option object_output="obj/Debug/" />
				<Option type="1" />
				<Option compiler="gcc" />
			</Target>
			<Target title="Release">
				<Option output="bin/Release/MacroParser" prefix_auto="1" extension_auto="1" />
				<Option object_output="obj/Release/" />
				<Option type="1" />
				<Option compiler="gcc" />
				<Compiler>
					<Add option="-Os" />
				</Compiler>
				<Linker>
					<Add option="-s" />
					<Add option="-static" />
				</Linker>
			</Target>
		</Build>
		<Compiler>
			<Add option="-Wall" />
			<Add option="-fexceptions" />
		</Compiler>
		<Unit filename="command.cpp" />
		<Unit filename="command.hpp" />
		<Unit filename="config.hpp" />
		<Unit filename="container.cpp" />
		<Unit filename="container.hpp" />
		<Unit filename="filesystem.cpp" />
		<Unit filename="filesystem.hpp" />
		<Unit filename="hexa.cpp" />
		<Unit filename="hexa.hpp" />
		<Unit filename="macrospace.cpp" />
		<Unit filename="macrospace.hpp" />
		<Unit filename="main.cpp" />
		<Unit filename="options.cpp" />
		<Unit filename="options.hpp" />
		<Unit filename="stringeval.cpp" />
		<Unit filename="stringeval.hpp" />
		<Extensions>
			<lib_finder disable_auto="1" />
		</Extensions>
	</Project>
</CodeBlocks_project_file>
